
Microsoft Visual Studio Solution File, Format Version 12.00
# Visual Studio Version 17
VisualStudioVersion = 17.4.33205.214
MinimumVisualStudioVersion = 10.0.40219.1
Project("{9A19103F-16F7-4668-BE54-9A1E7A4F7556}") = "OtoYedekParca", "OtoYedekParca\OtoYedekParca.csproj", "{E27C81E3-8EA0-408F-9299-1062A27A6175}"
EndProject
Project("{9A19103F-16F7-4668-BE54-9A1E7A4F7556}") = "OtoYedekParca.Dataaccess", "OtoYedekParca.Dataaccess\OtoYedekParca.Dataaccess.csproj", "{CF707340-7C50-4841-95FF-1163C606E39E}"
EndProject
Project("{9A19103F-16F7-4668-BE54-9A1E7A4F7556}") = "OtoYedekParca.Business", "OtoYedekParca.Business\OtoYedekParca.Business.csproj", "{EEC8E406-6EFC-4239-9545-001B1AE36578}"
EndProject
Project("{9A19103F-16F7-4668-BE54-9A1E7A4F7556}") = "OtoYedekParca.Entity", "OtoYedekParca.Entity\OtoYedekParca.Entity.csproj", "{CADB32AD-9394-49E9-A827-0AEA254D5D0C}"
EndProject
Project("{9A19103F-16F7-4668-BE54-9A1E7A4F7556}") = "OtoYedekParca.Core", "OtoYedekParca.Core\OtoYedekParca.Core.csproj", "{BACED93E-28B6-40F0-9BAE-04E759302562}"
EndProject
Project("{2150E333-8FDC-42A3-9474-1A3956D46DE8}") = "DevExtreme NuGet.config", "DevExtreme NuGet.config", "{549E3B43-4294-4DB7-AF9B-52A68F19FF92}"
	ProjectSection(SolutionItems) = preProject
		NuGet.config = NuGet.config
	EndProjectSection
EndProject
Global
	GlobalSection(SolutionConfigurationPlatforms) = preSolution
		Debug|Any CPU = Debug|Any CPU
		Release|Any CPU = Release|Any CPU
	EndGlobalSection
	GlobalSection(ProjectConfigurationPlatforms) = postSolution
		{E27C81E3-8EA0-408F-9299-1062A27A6175}.Debug|Any CPU.ActiveCfg = Debug|Any CPU
		{E27C81E3-8EA0-408F-9299-1062A27A6175}.Debug|Any CPU.Build.0 = Debug|Any CPU
		{E27C81E3-8EA0-408F-9299-1062A27A6175}.Release|Any CPU.ActiveCfg = Release|Any CPU
		{E27C81E3-8EA0-408F-9299-1062A27A6175}.Release|Any CPU.Build.0 = Release|Any CPU
		{CF707340-7C50-4841-95FF-1163C606E39E}.Debug|Any CPU.ActiveCfg = Debug|Any CPU
		{CF707340-7C50-4841-95FF-1163C606E39E}.Debug|Any CPU.Build.0 = Debug|Any CPU
		{CF707340-7C50-4841-95FF-1163C606E39E}.Release|Any CPU.ActiveCfg = Release|Any CPU
		{CF707340-7C50-4841-95FF-1163C606E39E}.Release|Any CPU.Build.0 = Release|Any CPU
		{EEC8E406-6EFC-4239-9545-001B1AE36578}.Debug|Any CPU.ActiveCfg = Debug|Any CPU
		{EEC8E406-6EFC-4239-9545-001B1AE36578}.Debug|Any CPU.Build.0 = Debug|Any CPU
		{EEC8E406-6EFC-4239-9545-001B1AE36578}.Release|Any CPU.ActiveCfg = Release|Any CPU
		{EEC8E406-6EFC-4239-9545-001B1AE36578}.Release|Any CPU.Build.0 = Release|Any CPU
		{CADB32AD-9394-49E9-A827-0AEA254D5D0C}.Debug|Any CPU.ActiveCfg = Debug|Any CPU
		{CADB32AD-9394-49E9-A827-0AEA254D5D0C}.Debug|Any CPU.Build.0 = Debug|Any CPU
		{CADB32AD-9394-49E9-A827-0AEA254D5D0C}.Release|Any CPU.ActiveCfg = Release|Any CPU
		{CADB32AD-9394-49E9-A827-0AEA254D5D0C}.Release|Any CPU.Build.0 = Release|Any CPU
		{BACED93E-28B6-40F0-9BAE-04E759302562}.Debug|Any CPU.ActiveCfg = Debug|Any CPU
		{BACED93E-28B6-40F0-9BAE-04E759302562}.Debug|Any CPU.Build.0 = Debug|Any CPU
		{BACED93E-28B6-40F0-9BAE-04E759302562}.Release|Any CPU.ActiveCfg = Release|Any CPU
		{BACED93E-28B6-40F0-9BAE-04E759302562}.Release|Any CPU.Build.0 = Release|Any CPU
	EndGlobalSection
	GlobalSection(SolutionProperties) = preSolution
		HideSolutionNode = FALSE
	EndGlobalSection
	GlobalSection(ExtensibilityGlobals) = postSolution
		SolutionGuid = {AE1A4A56-E8B9-4DC2-B6B3-E19869B1886F}
	EndGlobalSection
EndGlobal
